
Microsoft Visual Studio Solution File, Format Version 12.00
# Visual Studio Version 16
VisualStudioVersion = 16.0.32228.343
MinimumVisualStudioVersion = 10.0.40219.1
Project("{FAE04EC0-301F-11D3-BF4B-00C04F79EFBC}") = "PartBMain", "PartBMain\PartBMain.csproj", "{03BCFCCD-CF29-4E52-9D8F-B1E545F4B599}"
EndProject
Global
	GlobalSection(SolutionConfigurationPlatforms) = preSolution
		Debug|Any CPU = Debug|Any CPU
		Release|Any CPU = Release|Any CPU
	EndGlobalSection
	GlobalSection(ProjectConfigurationPlatforms) = postSolution
		{03BCFCCD-CF29-4E52-9D8F-B1E545F4B599}.Debug|Any CPU.ActiveCfg = Debug|Any CPU
		{03BCFCCD-CF29-4E52-9D8F-B1E545F4B599}.Debug|Any CPU.Build.0 = Debug|Any CPU
		{03BCFCCD-CF29-4E52-9D8F-B1E545F4B599}.Release|Any CPU.ActiveCfg = Release|Any CPU
		{03BCFCCD-CF29-4E52-9D8F-B1E545F4B599}.Release|Any CPU.Build.0 = Release|Any CPU
	EndGlobalSection
	GlobalSection(SolutionProperties) = preSolution
		HideSolutionNode = FALSE
	EndGlobalSection
	GlobalSection(ExtensibilityGlobals) = postSolution
		SolutionGuid = {BE6EFC8A-D976-4ABD-9AE9-A5A97872CB76}
	EndGlobalSection
EndGlobal
